// !$*UTF8*$!
{
	archiveVersion = 1;
	classes = {
	};
	objectVersion = 50;
	objects = {

/* Begin PBXBuildFile section */
		18CE11C620E0BB3600302C83 /* AppDelegate.m in Sources */ = {isa = PBXBuildFile; fileRef = 18CE11C520E0BB3600302C83 /* AppDelegate.m */; };
		18CE11C820E0BB3B00302C83 /* Assets.xcassets in Resources */ = {isa = PBXBuildFile; fileRef = 18CE11C720E0BB3B00302C83 /* Assets.xcassets */; };
		18CE11CB20E0BB3B00302C83 /* LaunchScreen.storyboard in Resources */ = {isa = PBXBuildFile; fileRef = 18CE11C920E0BB3B00302C83 /* LaunchScreen.storyboard */; };
		18CE11CE20E0BB3B00302C83 /* main.m in Sources */ = {isa = PBXBuildFile; fileRef = 18CE11CD20E0BB3B00302C83 /* main.m */; };
		18CE11D620E0BB5800302C83 /* ScoreVC.m in Sources */ = {isa = PBXBuildFile; fileRef = 18CE11D520E0BB5800302C83 /* ScoreVC.m */; };
		18CE11DD20E0E24100302C83 /* ScoreView.m in Sources */ = {isa = PBXBuildFile; fileRef = 18CE11DC20E0E24000302C83 /* ScoreView.m */; };
/* End PBXBuildFile section */

/* Begin PBXFileReference section */
		18CE11C120E0BB3600302C83 /* ScorePrictice.app */ = {isa = PBXFileReference; explicitFileType = wrapper.application; includeInIndex = 0; path = ScorePrictice.app; sourceTree = BUILT_PRODUCTS_DIR; };
		18CE11C420E0BB3600302C83 /* AppDelegate.h */ = {isa = PBXFileReference; lastKnownFileType = sourcecode.c.h; path = AppDelegate.h; sourceTree = "<group>"; };
		18CE11C520E0BB3600302C83 /* AppDelegate.m */ = {isa = PBXFileReference; lastKnownFileType = sourcecode.c.objc; path = AppDelegate.m; sourceTree = "<group>"; };
		18CE11C720E0BB3B00302C83 /* Assets.xcassets */ = {isa = PBXFileReference; lastKnownFileType = folder.assetcatalog; path = Assets.xcassets; sourceTree = "<group>"; };
		18CE11CA20E0BB3B00302C83 /* Base */ = {isa = PBXFileReference; lastKnownFileType = file.storyboard; name = Base; path = Base.lproj/LaunchScreen.storyboard; sourceTree = "<group>"; };
		18CE11CC20E0BB3B00302C83 /* Info.plist */ = {isa = PBXFileReference; lastKnownFileType = text.plist.xml; path = Info.plist; sourceTree = "<group>"; };
		18CE11CD20E0BB3B00302C83 /* main.m */ = {isa = PBXFileReference; lastKnownFileType = sourcecode.c.objc; path = main.m; sourceTree = "<group>"; };
		18CE11D420E0BB5800302C83 /* ScoreVC.h */ = {isa = PBXFileReference; lastKnownFileType = sourcecode.c.h; path = ScoreVC.h; sourceTree = "<group>"; };
		18CE11D520E0BB5800302C83 /* ScoreVC.m */ = {isa = PBXFileReference; lastKnownFileType = sourcecode.c.objc; path = ScoreVC.m; sourceTree = "<group>"; };
		18CE11DB20E0E24000302C83 /* ScoreView.h */ = {isa = PBXFileReference; fileEncoding = 4; lastKnownFileType = sourcecode.c.h; path = ScoreView.h; sourceTree = "<group>"; };
		18CE11DC20E0E24000302C83 /* ScoreView.m */ = {isa = PBXFileReference; fileEncoding = 4; lastKnownFileType = sourcecode.c.objc; path = ScoreView.m; sourceTree = "<group>"; };
/* End PBXFileReference section */

/* Begin PBXFrameworksBuildPhase section */
		18CE11BE20E0BB3600302C83 /* Frameworks */ = {
			isa = PBXFrameworksBuildPhase;
			buildActionMask = 2147483647;
			files = (
			);
			runOnlyForDeploymentPostprocessing = 0;
		};
/* End PBXFrameworksBuildPhase section */

/* Begin PBXGroup section */
		18CE11B820E0BB3500302C83 = {
			isa = PBXGroup;
			children = (
				18CE11C320E0BB3600302C83 /* ScorePrictice */,
				18CE11C220E0BB3600302C83 /* Products */,
			);
			sourceTree = "<group>";
		};
		18CE11C220E0BB3600302C83 /* Products */ = {
			isa = PBXGroup;
			children = (
				18CE11C120E0BB3600302C83 /* ScorePrictice.app */,
			);
			name = Products;
			sourceTree = "<group>";
		};
		18CE11C320E0BB3600302C83 /* ScorePrictice */ = {
			isa = PBXGroup;
			children = (
				18CE11DA20E0E24000302C83 /* ScoreView */,
				18CE11C420E0BB3600302C83 /* AppDelegate.h */,
				18CE11C520E0BB3600302C83 /* AppDelegate.m */,
				18CE11D420E0BB5800302C83 /* ScoreVC.h */,
				18CE11D520E0BB5800302C83 /* ScoreVC.m */,
				18CE11C720E0BB3B00302C83 /* Assets.xcassets */,
				18CE11C920E0BB3B00302C83 /* LaunchScreen.storyboard */,
				18CE11CC20E0BB3B00302C83 /* Info.plist */,
				18CE11CD20E0BB3B00302C83 /* main.m */,
			);
			path = ScorePrictice;
			sourceTree = "<group>";
		};
		18CE11DA20E0E24000302C83 /* ScoreView */ = {
			isa = PBXGroup;
			children = (
				18CE11DB20E0E24000302C83 /* ScoreView.h */,
				18CE11DC20E0E24000302C83 /* ScoreView.m */,
			);
			path = ScoreView;
			sourceTree = "<group>";
		};
/* End PBXGroup section */

/* Begin PBXNativeTarget section */
		18CE11C020E0BB3600302C83 /* ScorePrictice */ = {
			isa = PBXNativeTarget;
			buildConfigurationList = 18CE11D120E0BB3B00302C83 /* Build configuration list for PBXNativeTarget "ScorePrictice" */;
			buildPhases = (
				18CE11BD20E0BB3600302C83 /* Sources */,
				18CE11BE20E0BB3600302C83 /* Frameworks */,
				18CE11BF20E0BB3600302C83 /* Resources */,
			);
			buildRules = (
			);
			dependencies = (
			);
			name = ScorePrictice;
			productName = ScorePrictice;
			productReference = 18CE11C120E0BB3600302C83 /* ScorePrictice.app */;
			productType = "com.apple.product-type.application";
		};
/* End PBXNativeTarget section */

/* Begin PBXProject section */
		18CE11B920E0BB3500302C83 /* Project object */ = {
			isa = PBXProject;
			attributes = {
				LastUpgradeCheck = 0940;
				ORGANIZATIONNAME = apple;
				TargetAttributes = {
					18CE11C020E0BB3600302C83 = {
						CreatedOnToolsVersion = 9.4.1;
					};
				};
			};
			buildConfigurationList = 18CE11BC20E0BB3500302C83 /* Build configuration list for PBXProject "ScorePrictice" */;
			compatibilityVersion = "Xcode 9.3";
			developmentRegion = en;
			hasScannedForEncodings = 0;
			knownRegions = (
				en,
				Base,
			);
			mainGroup = 18CE11B820E0BB3500302C83;
			productRefGroup = 18CE11C220E0BB3600302C83 /* Products */;
			projectDirPath = "";
			projectRoot = "";
			targets = (
				18CE11C020E0BB3600302C83 /* ScorePrictice */,
			);
		};
/* End PBXProject section */

/* Begin PBXResourcesBuildPhase section */
		18CE11BF20E0BB3600302C83 /* Resources */ = {
			isa = PBXResourcesBuildPhase;
			buildActionMask = 2147483647;
			files = (
				18CE11C820E0BB3B00302C83 /* Assets.xcassets in Resources */,
				18CE11CB20E0BB3B00302C83 /* LaunchScreen.storyboard in Resources */,
			);
			runOnlyForDeploymentPostprocessing = 0;
		};
/* End PBXResourcesBuildPhase section */

/* Begin PBXSourcesBuildPhase section */
		18CE11BD20E0BB3600302C83 /* Sources */ = {
			isa = PBXSourcesBuildPhase;
			buildActionMask = 2147483647;
			files = (
				18CE11D620E0BB5800302C83 /* ScoreVC.m in Sources */,
				18CE11DD20E0E24100302C83 /* ScoreView.m in Sources */,
				18CE11CE20E0BB3B00302C83 /* main.m in Sources */,
				18CE11C620E0BB3600302C83 /* AppDelegate.m in Sources */,
			);
			runOnlyForDeploymentPostprocessing = 0;
		};
/* End PBXSourcesBuildPhase section */

/* Begin PBXVariantGroup section */
		18CE11C920E0BB3B00302C83 /* LaunchScreen.storyboard */ = {
			isa = PBXVariantGroup;
			children = (
				18CE11CA20E0BB3B00302C83 /* Base */,
			);
			name = LaunchScreen.storyboard;
			sourceTree = "<group>";
		};
/* End PBXVariantGroup section */

/* Begin XCBuildConfiguration section */
		18CE11CF20E0BB3B00302C83 /* Debug */ = {
			isa = XCBuildConfiguration;
			buildSettings = {
				ALWAYS_SEARCH_USER_PATHS = NO;
				CLANG_ANALYZER_NONNULL = YES;
				CLANG_ANALYZER_NUMBER_OBJECT_CONVERSION = YES_AGGRESSIVE;
				CLANG_CXX_LANGUAGE_STANDARD = "gnu++14";
				CLANG_CXX_LIBRARY = "libc++";
				CLANG_ENABLE_MODULES = YES;
				CLANG_ENABLE_OBJC_ARC = YES;
				CLANG_ENABLE_OBJC_WEAK = YES;
				CLANG_WARN_BLOCK_CAPTURE_AUTORELEASING = YES;
				CLANG_WARN_BOOL_CONVERSION = YES;
				CLANG_WARN_COMMA = YES;
				CLANG_WARN_CONSTANT_CONVERSION = YES;
				CLANG_WARN_DEPRECATED_OBJC_IMPLEMENTATIONS = YES;
				CLANG_WARN_DIRECT_OBJC_ISA_USAGE = YES_ERROR;
				CLANG_WARN_DOCUMENTATION_COMMENTS = YES;
				CLANG_WARN_EMPTY_BODY = YES;
				CLANG_WARN_ENUM_CONVERSION = YES;
				CLANG_WARN_INFINITE_RECURSION = YES;
				CLANG_WARN_INT_CONVERSION = YES;
				CLANG_WARN_NON_LITERAL_NULL_CONVERSION = YES;
				CLANG_WARN_OBJC_IMPLICIT_RETAIN_SELF = YES;
				CLANG_WARN_OBJC_LITERAL_CONVERSION = YES;
				CLANG_WARN_OBJC_ROOT_CLASS = YES_ERROR;
				CLANG_WARN_RANGE_LOOP_ANALYSIS = YES;
				CLANG_WARN_STRICT_PROTOTYPES = YES;
				CLANG_WARN_SUSPICIOUS_MOVE = YES;
				CLANG_WARN_UNGUARDED_AVAILABILITY = YES_AGGRESSIVE;
				CLANG_WARN_UNREACHABLE_CODE = YES;
				CLANG_WARN__DUPLICATE_METHOD_MATCH = YES;
				CODE_SIGN_IDENTITY = "iPhone Developer";
				COPY_PHASE_STRIP = NO;
				DEBUG_INFORMATION_FORMAT = dwarf;
				ENABLE_STRICT_OBJC_MSGSEND = YES;
				ENABLE_TESTABILITY = YES;
				GCC_C_LANGUAGE_STANDARD = gnu11;
				GCC_DYNAMIC_NO_PIC = NO;
				GCC_NO_COMMON_BLOCKS = YES;
				GCC_OPTIMIZATION_LEVEL = 0;
				GCC_PREPROCESSOR_DEFINITIONS = (
					"DEBUG=1",
					"$(inherited)",
				);
				GCC_WARN_64_TO_32_BIT_CONVERSION = YES;
				GCC_WARN_ABOUT_RETURN_TYPE = YES_ERROR;
				GCC_WARN_UNDECLARED_SELECTOR = YES;
				GCC_WARN_UNINITIALIZED_AUTOS = YES_AGGRESSIVE;
				GCC_WARN_UNUSED_FUNCTION = YES;
				GCC_WARN_UNUSED_VARIABLE = YES;
				IPHONEOS_DEPLOYMENT_TARGET = 11.4;
				MTL_ENABLE_DEBUG_INFO = YES;
				ONLY_ACTIVE_ARCH = YES;
				SDKROOT = iphoneos;
			};
			name = Debug;
		};
		18CE11D020E0BB3B00302C83 /* Release */ = {
			isa = XCBuildConfiguration;
			buildSettings = {
				ALWAYS_SEARCH_USER_PATHS = NO;
				CLANG_ANALYZER_NONNULL = YES;
				CLANG_ANALYZER_NUMBER_OBJECT_CONVERSION = YES_AGGRESSIVE;
				CLANG_CXX_LANGUAGE_STANDARD = "gnu++14";
				CLANG_CXX_LIBRARY = "libc++";
				CLANG_ENABLE_MODULES = YES;
				CLANG_ENABLE_OBJC_ARC = YES;
				CLANG_ENABLE_OBJC_WEAK = YES;
				CLANG_WARN_BLOCK_CAPTURE_AUTORELEASING = YES;
				CLANG_WARN_BOOL_CONVERSION = YES;
				CLANG_WARN_COMMA = YES;
				CLANG_WARN_CONSTANT_CONVERSION = YES;
				CLANG_WARN_DEPRECATED_OBJC_IMPLEMENTATIONS = YES;
				CLANG_WARN_DIRECT_OBJC_ISA_USAGE = YES_ERROR;
				CLANG_WARN_DOCUMENTATION_COMMENTS = YES;
				CLANG_WARN_EMPTY_BODY = YES;
				CLANG_WARN_ENUM_CONVERSION = YES;
				CLANG_WARN_INFINITE_RECURSION = YES;
				CLANG_WARN_INT_CONVERSION = YES;
				CLANG_WARN_NON_LITERAL_NULL_CONVERSION = YES;
				CLANG_WARN_OBJC_IMPLICIT_RETAIN_SELF = YES;
				CLANG_WARN_OBJC_LITERAL_CONVERSION = YES;
				CLANG_WARN_OBJC_ROOT_CLASS = YES_ERROR;
				CLANG_WARN_RANGE_LOOP_ANALYSIS = YES;
				CLANG_WARN_STRICT_PROTOTYPES = YES;
				CLANG_WARN_SUSPICIOUS_MOVE = YES;
				CLANG_WARN_UNGUARDED_AVAILABILITY = YES_AGGRESSIVE;
				CLANG_WARN_UNREACHABLE_CODE = YES;
				CLANG_WARN__DUPLICATE_METHOD_MATCH = YES;
				CODE_SIGN_IDENTITY = "iPhone Developer";
				COPY_PHASE_STRIP = NO;
				DEBUG_INFORMATION_FORMAT = "dwarf-with-dsym";
				ENABLE_NS_ASSERTIONS = NO;
				ENABLE_STRICT_OBJC_MSGSEND = YES;
				GCC_C_LANGUAGE_STANDARD = gnu11;
				GCC_NO_COMMON_BLOCKS = YES;
				GCC_WARN_64_TO_32_BIT_CONVERSION = YES;
				GCC_WARN_ABOUT_RETURN_TYPE = YES_ERROR;
				GCC_WARN_UNDECLARED_SELECTOR = YES;
				GCC_WARN_UNINITIALIZED_AUTOS = YES_AGGRESSIVE;
				GCC_WARN_UNUSED_FUNCTION = YES;
				GCC_WARN_UNUSED_VARIABLE = YES;
				IPHONEOS_DEPLOYMENT_TARGET = 11.4;
				MTL_ENABLE_DEBUG_INFO = NO;
				SDKROOT = iphoneos;
				VALIDATE_PRODUCT = YES;
			};
			name = Release;
		};
		18CE11D220E0BB3B00302C83 /* Debug */ = {
			isa = XCBuildConfiguration;
			buildSettings = {
				ASSETCATALOG_COMPILER_APPICON_NAME = AppIcon;
				CODE_SIGN_STYLE = Automatic;
				INFOPLIST_FILE = ScorePrictice/Info.plist;
				LD_RUNPATH_SEARCH_PATHS = (
					"$(inherited)",
					"@executable_path/Frameworks",
				);
				PRODUCT_BUNDLE_IDENTIFIER = com.zyx.package.ScorePrictice;
				PRODUCT_NAME = "$(TARGET_NAME)";
				TARGETED_DEVICE_FAMILY = "1,2";
			};
			name = Debug;
		};
		18CE11D320E0BB3B00302C83 /* Release */ = {
			isa = XCBuildConfiguration;
			buildSettings = {
				ASSETCATALOG_COMPILER_APPICON_NAME = AppIcon;
				CODE_SIGN_STYLE = Automatic;
				INFOPLIST_FILE = ScorePrictice/Info.plist;
				LD_RUNPATH_SEARCH_PATHS = (
					"$(inherited)",
					"@executable_path/Frameworks",
				);
				PRODUCT_BUNDLE_IDENTIFIER = com.zyx.package.ScorePrictice;
				PRODUCT_NAME = "$(TARGET_NAME)";
				TARGETED_DEVICE_FAMILY = "1,2";
			};
			name = Release;
		};
/* End XCBuildConfiguration section */

/* Begin XCConfigurationList section */
		18CE11BC20E0BB3500302C83 /* Build configuration list for PBXProject "ScorePrictice" */ = {
			isa = XCConfigurationList;
			buildConfigurations = (
				18CE11CF20E0BB3B00302C83 /* Debug */,
				18CE11D020E0BB3B00302C83 /* Release */,
			);
			defaultConfigurationIsVisible = 0;
			defaultConfigurationName = Release;
		};
		18CE11D120E0BB3B00302C83 /* Build configuration list for PBXNativeTarget "ScorePrictice" */ = {
			isa = XCConfigurationList;
			buildConfigurations = (
				18CE11D220E0BB3B00302C83 /* Debug */,
				18CE11D320E0BB3B00302C83 /* Release */,
			);
			defaultConfigurationIsVisible = 0;
			defaultConfigurationName = Release;
		};
/* End XCConfigurationList section */
	};
	rootObject = 18CE11B920E0BB3500302C83 /* Project object */;
}
